// !$*UTF8*$!
{
	archiveVersion = 1;
	classes = {
	};
	objectVersion = 56;
	objects = {

/* Begin PBXBuildFile section */
		252BE4A529C3A3900048DFC7 /* AppDelegate.swift in Sources */ = {isa = PBXBuildFile; fileRef = 252BE4A429C3A3900048DFC7 /* AppDelegate.swift */; };
		252BE4A729C3A3900048DFC7 /* SceneDelegate.swift in Sources */ = {isa = PBXBuildFile; fileRef = 252BE4A629C3A3900048DFC7 /* SceneDelegate.swift */; };
		252BE4A929C3A3900048DFC7 /* ViewController.swift in Sources */ = {isa = PBXBuildFile; fileRef = 252BE4A829C3A3900048DFC7 /* ViewController.swift */; };
		252BE4AF29C3A3900048DFC7 /* ARKitImageTracking.xcdatamodeld in Sources */ = {isa = PBXBuildFile; fileRef = 252BE4AD29C3A3900048DFC7 /* ARKitImageTracking.xcdatamodeld */; };
		252BE4B129C3A3910048DFC7 /* Assets.xcassets in Resources */ = {isa = PBXBuildFile; fileRef = 252BE4B029C3A3910048DFC7 /* Assets.xcassets */; };
		252BE4B429C3A3910048DFC7 /* LaunchScreen.storyboard in Resources */ = {isa = PBXBuildFile; fileRef = 252BE4B229C3A3910048DFC7 /* LaunchScreen.storyboard */; };
		252BE4BF29C3A3920048DFC7 /* ARKitImageTrackingTests.swift in Sources */ = {isa = PBXBuildFile; fileRef = 252BE4BE29C3A3920048DFC7 /* ARKitImageTrackingTests.swift */; };
		252BE4C929C3A3920048DFC7 /* ARKitImageTrackingUITests.swift in Sources */ = {isa = PBXBuildFile; fileRef = 252BE4C829C3A3920048DFC7 /* ARKitImageTrackingUITests.swift */; };
		252BE4CB29C3A3920048DFC7 /* ARKitImageTrackingUITestsLaunchTests.swift in Sources */ = {isa = PBXBuildFile; fileRef = 252BE4CA29C3A3920048DFC7 /* ARKitImageTrackingUITestsLaunchTests.swift */; };
		252BE4D829C3A3C30048DFC7 /* art.scnassets in Resources */ = {isa = PBXBuildFile; fileRef = 252BE4D729C3A3C30048DFC7 /* art.scnassets */; };
		252BE4DA29C3A44A0048DFC7 /* ViewController+ARSessionDelegate.swift in Sources */ = {isa = PBXBuildFile; fileRef = 252BE4D929C3A44A0048DFC7 /* ViewController+ARSessionDelegate.swift */; };
		252BE4DC29C3A4690048DFC7 /* StatusViewController.swift in Sources */ = {isa = PBXBuildFile; fileRef = 252BE4DB29C3A4690048DFC7 /* StatusViewController.swift */; };
		252BE4DF29C3A4E70048DFC7 /* Main.storyboard in Resources */ = {isa = PBXBuildFile; fileRef = 252BE4DD29C3A4E70048DFC7 /* Main.storyboard */; };
/* End PBXBuildFile section */

/* Begin PBXContainerItemProxy section */
		252BE4BB29C3A3920048DFC7 /* PBXContainerItemProxy */ = {
			isa = PBXContainerItemProxy;
			containerPortal = 252BE49929C3A3900048DFC7 /* Project object */;
			proxyType = 1;
			remoteGlobalIDString = 252BE4A029C3A3900048DFC7;
			remoteInfo = ARKitImageTracking;
		};
		252BE4C529C3A3920048DFC7 /* PBXContainerItemProxy */ = {
			isa = PBXContainerItemProxy;
			containerPortal = 252BE49929C3A3900048DFC7 /* Project object */;
			proxyType = 1;
			remoteGlobalIDString = 252BE4A029C3A3900048DFC7;
			remoteInfo = ARKitImageTracking;
		};
/* End PBXContainerItemProxy section */

/* Begin PBXFileReference section */
		252BE4A129C3A3900048DFC7 /* ARKitImageTracking.app */ = {isa = PBXFileReference; explicitFileType = wrapper.application; includeInIndex = 0; path = ARKitImageTracking.app; sourceTree = BUILT_PRODUCTS_DIR; };
		252BE4A429C3A3900048DFC7 /* AppDelegate.swift */ = {isa = PBXFileReference; lastKnownFileType = sourcecode.swift; path = AppDelegate.swift; sourceTree = "<group>"; };
		252BE4A629C3A3900048DFC7 /* SceneDelegate.swift */ = {isa = PBXFileReference; lastKnownFileType = sourcecode.swift; path = SceneDelegate.swift; sourceTree = "<group>"; };
		252BE4A829C3A3900048DFC7 /* ViewController.swift */ = {isa = PBXFileReference; lastKnownFileType = sourcecode.swift; path = ViewController.swift; sourceTree = "<group>"; };
		252BE4AE29C3A3900048DFC7 /* ARKitImageTracking.xcdatamodel */ = {isa = PBXFileReference; lastKnownFileType = wrapper.xcdatamodel; path = ARKitImageTracking.xcdatamodel; sourceTree = "<group>"; };
		252BE4B029C3A3910048DFC7 /* Assets.xcassets */ = {isa = PBXFileReference; lastKnownFileType = folder.assetcatalog; path = Assets.xcassets; sourceTree = "<group>"; };
		252BE4B329C3A3910048DFC7 /* Base */ = {isa = PBXFileReference; lastKnownFileType = file.storyboard; name = Base; path = Base.lproj/LaunchScreen.storyboard; sourceTree = "<group>"; };
		252BE4B529C3A3910048DFC7 /* Info.plist */ = {isa = PBXFileReference; lastKnownFileType = text.plist.xml; path = Info.plist; sourceTree = "<group>"; };
		252BE4BA29C3A3920048DFC7 /* ARKitImageTrackingTests.xctest */ = {isa = PBXFileReference; explicitFileType = wrapper.cfbundle; includeInIndex = 0; path = ARKitImageTrackingTests.xctest; sourceTree = BUILT_PRODUCTS_DIR; };
		252BE4BE29C3A3920048DFC7 /* ARKitImageTrackingTests.swift */ = {isa = PBXFileReference; lastKnownFileType = sourcecode.swift; path = ARKitImageTrackingTests.swift; sourceTree = "<group>"; };
		252BE4C429C3A3920048DFC7 /* ARKitImageTrackingUITests.xctest */ = {isa = PBXFileReference; explicitFileType = wrapper.cfbundle; includeInIndex = 0; path = ARKitImageTrackingUITests.xctest; sourceTree = BUILT_PRODUCTS_DIR; };
		252BE4C829C3A3920048DFC7 /* ARKitImageTrackingUITests.swift */ = {isa = PBXFileReference; lastKnownFileType = sourcecode.swift; path = ARKitImageTrackingUITests.swift; sourceTree = "<group>"; };
		252BE4CA29C3A3920048DFC7 /* ARKitImageTrackingUITestsLaunchTests.swift */ = {isa = PBXFileReference; lastKnownFileType = sourcecode.swift; path = ARKitImageTrackingUITestsLaunchTests.swift; sourceTree = "<group>"; };
		252BE4D729C3A3C30048DFC7 /* art.scnassets */ = {isa = PBXFileReference; lastKnownFileType = wrapper.scnassets; path = art.scnassets; sourceTree = "<group>"; };
		252BE4D929C3A44A0048DFC7 /* ViewController+ARSessionDelegate.swift */ = {isa = PBXFileReference; lastKnownFileType = sourcecode.swift; path = "ViewController+ARSessionDelegate.swift"; sourceTree = "<group>"; };
		252BE4DB29C3A4690048DFC7 /* StatusViewController.swift */ = {isa = PBXFileReference; lastKnownFileType = sourcecode.swift; path = StatusViewController.swift; sourceTree = "<group>"; };
		252BE4DE29C3A4E70048DFC7 /* Base */ = {isa = PBXFileReference; lastKnownFileType = file.storyboard; name = Base; path = Base.lproj/Main.storyboard; sourceTree = "<group>"; };
/* End PBXFileReference section */

/* Begin PBXFrameworksBuildPhase section */
		252BE49E29C3A3900048DFC7 /* Frameworks */ = {
			isa = PBXFrameworksBuildPhase;
			buildActionMask = 2147483647;
			files = (
			);
			runOnlyForDeploymentPostprocessing = 0;
		};
		252BE4B729C3A3920048DFC7 /* Frameworks */ = {
			isa = PBXFrameworksBuildPhase;
			buildActionMask = 2147483647;
			files = (
			);
			runOnlyForDeploymentPostprocessing = 0;
		};
		252BE4C129C3A3920048DFC7 /* Frameworks */ = {
			isa = PBXFrameworksBuildPhase;
			buildActionMask = 2147483647;
			files = (
			);
			runOnlyForDeploymentPostprocessing = 0;
		};
/* End PBXFrameworksBuildPhase section */

/* Begin PBXGroup section */
		252BE49829C3A3900048DFC7 = {
			isa = PBXGroup;
			children = (
				252BE4A329C3A3900048DFC7 /* ARKitImageTracking */,
				252BE4BD29C3A3920048DFC7 /* ARKitImageTrackingTests */,
				252BE4C729C3A3920048DFC7 /* ARKitImageTrackingUITests */,
				252BE4A229C3A3900048DFC7 /* Products */,
			);
			sourceTree = "<group>";
		};
		252BE4A229C3A3900048DFC7 /* Products */ = {
			isa = PBXGroup;
			children = (
				252BE4A129C3A3900048DFC7 /* ARKitImageTracking.app */,
				252BE4BA29C3A3920048DFC7 /* ARKitImageTrackingTests.xctest */,
				252BE4C429C3A3920048DFC7 /* ARKitImageTrackingUITests.xctest */,
			);
			name = Products;
			sourceTree = "<group>";
		};
		252BE4A329C3A3900048DFC7 /* ARKitImageTracking */ = {
			isa = PBXGroup;
			children = (
				252BE4A429C3A3900048DFC7 /* AppDelegate.swift */,
				252BE4A629C3A3900048DFC7 /* SceneDelegate.swift */,
				252BE4A829C3A3900048DFC7 /* ViewController.swift */,
				252BE4DB29C3A4690048DFC7 /* StatusViewController.swift */,
				252BE4D929C3A44A0048DFC7 /* ViewController+ARSessionDelegate.swift */,
				252BE4DD29C3A4E70048DFC7 /* Main.storyboard */,
				252BE4D729C3A3C30048DFC7 /* art.scnassets */,
				252BE4B029C3A3910048DFC7 /* Assets.xcassets */,
				252BE4B229C3A3910048DFC7 /* LaunchScreen.storyboard */,
				252BE4B529C3A3910048DFC7 /* Info.plist */,
				252BE4AD29C3A3900048DFC7 /* ARKitImageTracking.xcdatamodeld */,
			);
			path = ARKitImageTracking;
			sourceTree = "<group>";
		};
		252BE4BD29C3A3920048DFC7 /* ARKitImageTrackingTests */ = {
			isa = PBXGroup;
			children = (
				252BE4BE29C3A3920048DFC7 /* ARKitImageTrackingTests.swift */,
			);
			path = ARKitImageTrackingTests;
			sourceTree = "<group>";
		};
		252BE4C729C3A3920048DFC7 /* ARKitImageTrackingUITests */ = {
			isa = PBXGroup;
			children = (
				252BE4C829C3A3920048DFC7 /* ARKitImageTrackingUITests.swift */,
				252BE4CA29C3A3920048DFC7 /* ARKitImageTrackingUITestsLaunchTests.swift */,
			);
			path = ARKitImageTrackingUITests;
			sourceTree = "<group>";
		};
/* End PBXGroup section */

/* Begin PBXNativeTarget section */
		252BE4A029C3A3900048DFC7 /* ARKitImageTracking */ = {
			isa = PBXNativeTarget;
			buildConfigurationList = 252BE4CE29C3A3920048DFC7 /* Build configuration list for PBXNativeTarget "ARKitImageTracking" */;
			buildPhases = (
				252BE49D29C3A3900048DFC7 /* Sources */,
				252BE49E29C3A3900048DFC7 /* Frameworks */,
				252BE49F29C3A3900048DFC7 /* Resources */,
			);
			buildRules = (
			);
			dependencies = (
			);
			name = ARKitImageTracking;
			productName = ARKitImageTracking;
			productReference = 252BE4A129C3A3900048DFC7 /* ARKitImageTracking.app */;
			productType = "com.apple.product-type.application";
		};
		252BE4B929C3A3920048DFC7 /* ARKitImageTrackingTests */ = {
			isa = PBXNativeTarget;
			buildConfigurationList = 252BE4D129C3A3920048DFC7 /* Build configuration list for PBXNativeTarget "ARKitImageTrackingTests" */;
			buildPhases = (
				252BE4B629C3A3920048DFC7 /* Sources */,
				252BE4B729C3A3920048DFC7 /* Frameworks */,
				252BE4B829C3A3920048DFC7 /* Resources */,
			);
			buildRules = (
			);
			dependencies = (
				252BE4BC29C3A3920048DFC7 /* PBXTargetDependency */,
			);
			name = ARKitImageTrackingTests;
			productName = ARKitImageTrackingTests;
			productReference = 252BE4BA29C3A3920048DFC7 /* ARKitImageTrackingTests.xctest */;
			productType = "com.apple.product-type.bundle.unit-test";
		};
		252BE4C329C3A3920048DFC7 /* ARKitImageTrackingUITests */ = {
			isa = PBXNativeTarget;
			buildConfigurationList = 252BE4D429C3A3920048DFC7 /* Build configuration list for PBXNativeTarget "ARKitImageTrackingUITests" */;
			buildPhases = (
				252BE4C029C3A3920048DFC7 /* Sources */,
				252BE4C129C3A3920048DFC7 /* Frameworks */,
				252BE4C229C3A3920048DFC7 /* Resources */,
			);
			buildRules = (
			);
			dependencies = (
				252BE4C629C3A3920048DFC7 /* PBXTargetDependency */,
			);
			name = ARKitImageTrackingUITests;
			productName = ARKitImageTrackingUITests;
			productReference = 252BE4C429C3A3920048DFC7 /* ARKitImageTrackingUITests.xctest */;
			productType = "com.apple.product-type.bundle.ui-testing";
		};
/* End PBXNativeTarget section */

/* Begin PBXProject section */
		252BE49929C3A3900048DFC7 /* Project object */ = {
			isa = PBXProject;
			attributes = {
				BuildIndependentTargetsInParallel = 1;
				LastSwiftUpdateCheck = 1410;
				LastUpgradeCheck = 1410;
				TargetAttributes = {
					252BE4A029C3A3900048DFC7 = {
						CreatedOnToolsVersion = 14.1;
					};
					252BE4B929C3A3920048DFC7 = {
						CreatedOnToolsVersion = 14.1;
						TestTargetID = 252BE4A029C3A3900048DFC7;
					};
					252BE4C329C3A3920048DFC7 = {
						CreatedOnToolsVersion = 14.1;
						TestTargetID = 252BE4A029C3A3900048DFC7;
					};
				};
			};
			buildConfigurationList = 252BE49C29C3A3900048DFC7 /* Build configuration list for PBXProject "ARKitImageTracking" */;
			compatibilityVersion = "Xcode 14.0";
			developmentRegion = en;
			hasScannedForEncodings = 0;
			knownRegions = (
				en,
				Base,
			);
			mainGroup = 252BE49829C3A3900048DFC7;
			productRefGroup = 252BE4A229C3A3900048DFC7 /* Products */;
			projectDirPath = "";
			projectRoot = "";
			targets = (
				252BE4A029C3A3900048DFC7 /* ARKitImageTracking */,
				252BE4B929C3A3920048DFC7 /* ARKitImageTrackingTests */,
				252BE4C329C3A3920048DFC7 /* ARKitImageTrackingUITests */,
			);
		};
/* End PBXProject section */

/* Begin PBXResourcesBuildPhase section */
		252BE49F29C3A3900048DFC7 /* Resources */ = {
			isa = PBXResourcesBuildPhase;
			buildActionMask = 2147483647;
			files = (
				252BE4B429C3A3910048DFC7 /* LaunchScreen.storyboard in Resources */,
				252BE4D829C3A3C30048DFC7 /* art.scnassets in Resources */,
				252BE4B129C3A3910048DFC7 /* Assets.xcassets in Resources */,
				252BE4DF29C3A4E70048DFC7 /* Main.storyboard in Resources */,
			);
			runOnlyForDeploymentPostprocessing = 0;
		};
		252BE4B829C3A3920048DFC7 /* Resources */ = {
			isa = PBXResourcesBuildPhase;
			buildActionMask = 2147483647;
			files = (
			);
			runOnlyForDeploymentPostprocessing = 0;
		};
		252BE4C229C3A3920048DFC7 /* Resources */ = {
			isa = PBXResourcesBuildPhase;
			buildActionMask = 2147483647;
			files = (
			);
			runOnlyForDeploymentPostprocessing = 0;
		};
/* End PBXResourcesBuildPhase section */

/* Begin PBXSourcesBuildPhase section */
		252BE49D29C3A3900048DFC7 /* Sources */ = {
			isa = PBXSourcesBuildPhase;
			buildActionMask = 2147483647;
			files = (
				252BE4AF29C3A3900048DFC7 /* ARKitImageTracking.xcdatamodeld in Sources */,
				252BE4A929C3A3900048DFC7 /* ViewController.swift in Sources */,
				252BE4DA29C3A44A0048DFC7 /* ViewController+ARSessionDelegate.swift in Sources */,
				252BE4A529C3A3900048DFC7 /* AppDelegate.swift in Sources */,
				252BE4DC29C3A4690048DFC7 /* StatusViewController.swift in Sources */,
				252BE4A729C3A3900048DFC7 /* SceneDelegate.swift in Sources */,
			);
			runOnlyForDeploymentPostprocessing = 0;
		};
		252BE4B629C3A3920048DFC7 /* Sources */ = {
			isa = PBXSourcesBuildPhase;
			buildActionMask = 2147483647;
			files = (
				252BE4BF29C3A3920048DFC7 /* ARKitImageTrackingTests.swift in Sources */,
			);
			runOnlyForDeploymentPostprocessing = 0;
		};
		252BE4C029C3A3920048DFC7 /* Sources */ = {
			isa = PBXSourcesBuildPhase;
			buildActionMask = 2147483647;
			files = (
				252BE4C929C3A3920048DFC7 /* ARKitImageTrackingUITests.swift in Sources */,
				252BE4CB29C3A3920048DFC7 /* ARKitImageTrackingUITestsLaunchTests.swift in Sources */,
			);
			runOnlyForDeploymentPostprocessing = 0;
		};
/* End PBXSourcesBuildPhase section */

/* Begin PBXTargetDependency section */
		252BE4BC29C3A3920048DFC7 /* PBXTargetDependency */ = {
			isa = PBXTargetDependency;
			target = 252BE4A029C3A3900048DFC7 /* ARKitImageTracking */;
			targetProxy = 252BE4BB29C3A3920048DFC7 /* PBXContainerItemProxy */;
		};
		252BE4C629C3A3920048DFC7 /* PBXTargetDependency */ = {
			isa = PBXTargetDependency;
			target = 252BE4A029C3A3900048DFC7 /* ARKitImageTracking */;
			targetProxy = 252BE4C529C3A3920048DFC7 /* PBXContainerItemProxy */;
		};
/* End PBXTargetDependency section */

/* Begin PBXVariantGroup section */
		252BE4B229C3A3910048DFC7 /* LaunchScreen.storyboard */ = {
			isa = PBXVariantGroup;
			children = (
				252BE4B329C3A3910048DFC7 /* Base */,
			);
			name = LaunchScreen.storyboard;
			sourceTree = "<group>";
		};
		252BE4DD29C3A4E70048DFC7 /* Main.storyboard */ = {
			isa = PBXVariantGroup;
			children = (
				252BE4DE29C3A4E70048DFC7 /* Base */,
			);
			name = Main.storyboard;
			sourceTree = "<group>";
		};
/* End PBXVariantGroup section */

/* Begin XCBuildConfiguration section */
		252BE4CC29C3A3920048DFC7 /* Debug */ = {
			isa = XCBuildConfiguration;
			buildSettings = {
				ALWAYS_SEARCH_USER_PATHS = NO;
				CLANG_ANALYZER_NONNULL = YES;
				CLANG_ANALYZER_NUMBER_OBJECT_CONVERSION = YES_AGGRESSIVE;
				CLANG_CXX_LANGUAGE_STANDARD = "gnu++20";
				CLANG_ENABLE_MODULES = YES;
				CLANG_ENABLE_OBJC_ARC = YES;
				CLANG_ENABLE_OBJC_WEAK = YES;
				CLANG_WARN_BLOCK_CAPTURE_AUTORELEASING = YES;
				CLANG_WARN_BOOL_CONVERSION = YES;
				CLANG_WARN_COMMA = YES;
				CLANG_WARN_CONSTANT_CONVERSION = YES;
				CLANG_WARN_DEPRECATED_OBJC_IMPLEMENTATIONS = YES;
				CLANG_WARN_DIRECT_OBJC_ISA_USAGE = YES_ERROR;
				CLANG_WARN_DOCUMENTATION_COMMENTS = YES;
				CLANG_WARN_EMPTY_BODY = YES;
				CLANG_WARN_ENUM_CONVERSION = YES;
				CLANG_WARN_INFINITE_RECURSION = YES;
				CLANG_WARN_INT_CONVERSION = YES;
				CLANG_WARN_NON_LITERAL_NULL_CONVERSION = YES;
				CLANG_WARN_OBJC_IMPLICIT_RETAIN_SELF = YES;
				CLANG_WARN_OBJC_LITERAL_CONVERSION = YES;
				CLANG_WARN_OBJC_ROOT_CLASS = YES_ERROR;
				CLANG_WARN_QUOTED_INCLUDE_IN_FRAMEWORK_HEADER = YES;
				CLANG_WARN_RANGE_LOOP_ANALYSIS = YES;
				CLANG_WARN_STRICT_PROTOTYPES = YES;
				CLANG_WARN_SUSPICIOUS_MOVE = YES;
				CLANG_WARN_UNGUARDED_AVAILABILITY = YES_AGGRESSIVE;
				CLANG_WARN_UNREACHABLE_CODE = YES;
				CLANG_WARN__DUPLICATE_METHOD_MATCH = YES;
				COPY_PHASE_STRIP = NO;
				DEBUG_INFORMATION_FORMAT = dwarf;
				ENABLE_STRICT_OBJC_MSGSEND = YES;
				ENABLE_TESTABILITY = YES;
				GCC_C_LANGUAGE_STANDARD = gnu11;
				GCC_DYNAMIC_NO_PIC = NO;
				GCC_NO_COMMON_BLOCKS = YES;
				GCC_OPTIMIZATION_LEVEL = 0;
				GCC_PREPROCESSOR_DEFINITIONS = (
					"DEBUG=1",
					"$(inherited)",
				);
				GCC_WARN_64_TO_32_BIT_CONVERSION = YES;
				GCC_WARN_ABOUT_RETURN_TYPE = YES_ERROR;
				GCC_WARN_UNDECLARED_SELECTOR = YES;
				GCC_WARN_UNINITIALIZED_AUTOS = YES_AGGRESSIVE;
				GCC_WARN_UNUSED_FUNCTION = YES;
				GCC_WARN_UNUSED_VARIABLE = YES;
				IPHONEOS_DEPLOYMENT_TARGET = 16.1;
				MTL_ENABLE_DEBUG_INFO = INCLUDE_SOURCE;
				MTL_FAST_MATH = YES;
				ONLY_ACTIVE_ARCH = YES;
				SDKROOT = iphoneos;
				SWIFT_ACTIVE_COMPILATION_CONDITIONS = DEBUG;
				SWIFT_OPTIMIZATION_LEVEL = "-Onone";
			};
			name = Debug;
		};
		252BE4CD29C3A3920048DFC7 /* Release */ = {
			isa = XCBuildConfiguration;
			buildSettings = {
				ALWAYS_SEARCH_USER_PATHS = NO;
				CLANG_ANALYZER_NONNULL = YES;
				CLANG_ANALYZER_NUMBER_OBJECT_CONVERSION = YES_AGGRESSIVE;
				CLANG_CXX_LANGUAGE_STANDARD = "gnu++20";
				CLANG_ENABLE_MODULES = YES;
				CLANG_ENABLE_OBJC_ARC = YES;
				CLANG_ENABLE_OBJC_WEAK = YES;
				CLANG_WARN_BLOCK_CAPTURE_AUTORELEASING = YES;
				CLANG_WARN_BOOL_CONVERSION = YES;
				CLANG_WARN_COMMA = YES;
				CLANG_WARN_CONSTANT_CONVERSION = YES;
				CLANG_WARN_DEPRECATED_OBJC_IMPLEMENTATIONS = YES;
				CLANG_WARN_DIRECT_OBJC_ISA_USAGE = YES_ERROR;
				CLANG_WARN_DOCUMENTATION_COMMENTS = YES;
				CLANG_WARN_EMPTY_BODY = YES;
				CLANG_WARN_ENUM_CONVERSION = YES;
				CLANG_WARN_INFINITE_RECURSION = YES;
				CLANG_WARN_INT_CONVERSION = YES;
				CLANG_WARN_NON_LITERAL_NULL_CONVERSION = YES;
				CLANG_WARN_OBJC_IMPLICIT_RETAIN_SELF = YES;
				CLANG_WARN_OBJC_LITERAL_CONVERSION = YES;
				CLANG_WARN_OBJC_ROOT_CLASS = YES_ERROR;
				CLANG_WARN_QUOTED_INCLUDE_IN_FRAMEWORK_HEADER = YES;
				CLANG_WARN_RANGE_LOOP_ANALYSIS = YES;
				CLANG_WARN_STRICT_PROTOTYPES = YES;
				CLANG_WARN_SUSPICIOUS_MOVE = YES;
				CLANG_WARN_UNGUARDED_AVAILABILITY = YES_AGGRESSIVE;
				CLANG_WARN_UNREACHABLE_CODE = YES;
				CLANG_WARN__DUPLICATE_METHOD_MATCH = YES;
				COPY_PHASE_STRIP = NO;
				DEBUG_INFORMATION_FORMAT = "dwarf-with-dsym";
				ENABLE_NS_ASSERTIONS = NO;
				ENABLE_STRICT_OBJC_MSGSEND = YES;
				GCC_C_LANGUAGE_STANDARD = gnu11;
				GCC_NO_COMMON_BLOCKS = YES;
				GCC_WARN_64_TO_32_BIT_CONVERSION = YES;
				GCC_WARN_ABOUT_RETURN_TYPE = YES_ERROR;
				GCC_WARN_UNDECLARED_SELECTOR = YES;
				GCC_WARN_UNINITIALIZED_AUTOS = YES_AGGRESSIVE;
				GCC_WARN_UNUSED_FUNCTION = YES;
				GCC_WARN_UNUSED_VARIABLE = YES;
				IPHONEOS_DEPLOYMENT_TARGET = 16.1;
				MTL_ENABLE_DEBUG_INFO = NO;
				MTL_FAST_MATH = YES;
				SDKROOT = iphoneos;
				SWIFT_COMPILATION_MODE = wholemodule;
				SWIFT_OPTIMIZATION_LEVEL = "-O";
				VALIDATE_PRODUCT = YES;
			};
			name = Release;
		};
		252BE4CF29C3A3920048DFC7 /* Debug */ = {
			isa = XCBuildConfiguration;
			buildSettings = {
				ASSETCATALOG_COMPILER_APPICON_NAME = AppIcon;
				ASSETCATALOG_COMPILER_GLOBAL_ACCENT_COLOR_NAME = AccentColor;
				CODE_SIGN_STYLE = Automatic;
				CURRENT_PROJECT_VERSION = 1;
				DEVELOPMENT_TEAM = FS42BG83J3;
				GENERATE_INFOPLIST_FILE = YES;
				INFOPLIST_FILE = ARKitImageTracking/Info.plist;
				INFOPLIST_KEY_UIApplicationSupportsIndirectInputEvents = YES;
				INFOPLIST_KEY_UILaunchStoryboardName = LaunchScreen;
				INFOPLIST_KEY_UIMainStoryboardFile = Main;
				INFOPLIST_KEY_UISupportedInterfaceOrientations_iPad = "UIInterfaceOrientationPortrait UIInterfaceOrientationPortraitUpsideDown UIInterfaceOrientationLandscapeLeft UIInterfaceOrientationLandscapeRight";
				INFOPLIST_KEY_UISupportedInterfaceOrientations_iPhone = "UIInterfaceOrientationPortrait UIInterfaceOrientationLandscapeLeft UIInterfaceOrientationLandscapeRight";
				IPHONEOS_DEPLOYMENT_TARGET = 15.0;
				LD_RUNPATH_SEARCH_PATHS = (
					"$(inherited)",
					"@executable_path/Frameworks",
				);
				MARKETING_VERSION = 1.0;
				PRODUCT_BUNDLE_IDENTIFIER = ecResults.com;
				PRODUCT_NAME = "$(TARGET_NAME)";
				SWIFT_EMIT_LOC_STRINGS = YES;
				SWIFT_VERSION = 5.0;
				TARGETED_DEVICE_FAMILY = "1,2";
			};
			name = Debug;
		};
		252BE4D029C3A3920048DFC7 /* Release */ = {
			isa = XCBuildConfiguration;
			buildSettings = {
				ASSETCATALOG_COMPILER_APPICON_NAME = AppIcon;
				ASSETCATALOG_COMPILER_GLOBAL_ACCENT_COLOR_NAME = AccentColor;
				CODE_SIGN_STYLE = Automatic;
				CURRENT_PROJECT_VERSION = 1;
				DEVELOPMENT_TEAM = FS42BG83J3;
				GENERATE_INFOPLIST_FILE = YES;
				INFOPLIST_FILE = ARKitImageTracking/Info.plist;
				INFOPLIST_KEY_UIApplicationSupportsIndirectInputEvents = YES;
				INFOPLIST_KEY_UILaunchStoryboardName = LaunchScreen;
				INFOPLIST_KEY_UIMainStoryboardFile = Main;
				INFOPLIST_KEY_UISupportedInterfaceOrientations_iPad = "UIInterfaceOrientationPortrait UIInterfaceOrientationPortraitUpsideDown UIInterfaceOrientationLandscapeLeft UIInterfaceOrientationLandscapeRight";
				INFOPLIST_KEY_UISupportedInterfaceOrientations_iPhone = "UIInterfaceOrientationPortrait UIInterfaceOrientationLandscapeLeft UIInterfaceOrientationLandscapeRight";
				IPHONEOS_DEPLOYMENT_TARGET = 15.0;
				LD_RUNPATH_SEARCH_PATHS = (
					"$(inherited)",
					"@executable_path/Frameworks",
				);
				MARKETING_VERSION = 1.0;
				PRODUCT_BUNDLE_IDENTIFIER = ecResults.com;
				PRODUCT_NAME = "$(TARGET_NAME)";
				SWIFT_EMIT_LOC_STRINGS = YES;
				SWIFT_VERSION = 5.0;
				TARGETED_DEVICE_FAMILY = "1,2";
			};
			name = Release;
		};
		252BE4D229C3A3920048DFC7 /* Debug */ = {
			isa = XCBuildConfiguration;
			buildSettings = {
				ALWAYS_EMBED_SWIFT_STANDARD_LIBRARIES = YES;
				BUNDLE_LOADER = "$(TEST_HOST)";
				CODE_SIGN_STYLE = Automatic;
				CURRENT_PROJECT_VERSION = 1;
				GENERATE_INFOPLIST_FILE = YES;
				IPHONEOS_DEPLOYMENT_TARGET = 16.1;
				MARKETING_VERSION = 1.0;
				PRODUCT_BUNDLE_IDENTIFIER = com.Mallikarjuna.ARKitImageTrackingTests;
				PRODUCT_NAME = "$(TARGET_NAME)";
				SWIFT_EMIT_LOC_STRINGS = NO;
				SWIFT_VERSION = 5.0;
				TARGETED_DEVICE_FAMILY = "1,2";
				TEST_HOST = "$(BUILT_PRODUCTS_DIR)/ARKitImageTracking.app/$(BUNDLE_EXECUTABLE_FOLDER_PATH)/ARKitImageTracking";
			};
			name = Debug;
		};
		252BE4D329C3A3920048DFC7 /* Release */ = {
			isa = XCBuildConfiguration;
			buildSettings = {
				ALWAYS_EMBED_SWIFT_STANDARD_LIBRARIES = YES;
				BUNDLE_LOADER = "$(TEST_HOST)";
				CODE_SIGN_STYLE = Automatic;
				CURRENT_PROJECT_VERSION = 1;
				GENERATE_INFOPLIST_FILE = YES;
				IPHONEOS_DEPLOYMENT_TARGET = 16.1;
				MARKETING_VERSION = 1.0;
				PRODUCT_BUNDLE_IDENTIFIER = com.Mallikarjuna.ARKitImageTrackingTests;
				PRODUCT_NAME = "$(TARGET_NAME)";
				SWIFT_EMIT_LOC_STRINGS = NO;
				SWIFT_VERSION = 5.0;
				TARGETED_DEVICE_FAMILY = "1,2";
				TEST_HOST = "$(BUILT_PRODUCTS_DIR)/ARKitImageTracking.app/$(BUNDLE_EXECUTABLE_FOLDER_PATH)/ARKitImageTracking";
			};
			name = Release;
		};
		252BE4D529C3A3920048DFC7 /* Debug */ = {
			isa = XCBuildConfiguration;
			buildSettings = {
				ALWAYS_EMBED_SWIFT_STANDARD_LIBRARIES = YES;
				CODE_SIGN_STYLE = Automatic;
				CURRENT_PROJECT_VERSION = 1;
				GENERATE_INFOPLIST_FILE = YES;
				MARKETING_VERSION = 1.0;
				PRODUCT_BUNDLE_IDENTIFIER = com.Mallikarjuna.ARKitImageTrackingUITests;
				PRODUCT_NAME = "$(TARGET_NAME)";
				SWIFT_EMIT_LOC_STRINGS = NO;
				SWIFT_VERSION = 5.0;
				TARGETED_DEVICE_FAMILY = "1,2";
				TEST_TARGET_NAME = ARKitImageTracking;
			};
			name = Debug;
		};
		252BE4D629C3A3920048DFC7 /* Release */ = {
			isa = XCBuildConfiguration;
			buildSettings = {
				ALWAYS_EMBED_SWIFT_STANDARD_LIBRARIES = YES;
				CODE_SIGN_STYLE = Automatic;
				CURRENT_PROJECT_VERSION = 1;
				GENERATE_INFOPLIST_FILE = YES;
				MARKETING_VERSION = 1.0;
				PRODUCT_BUNDLE_IDENTIFIER = com.Mallikarjuna.ARKitImageTrackingUITests;
				PRODUCT_NAME = "$(TARGET_NAME)";
				SWIFT_EMIT_LOC_STRINGS = NO;
				SWIFT_VERSION = 5.0;
				TARGETED_DEVICE_FAMILY = "1,2";
				TEST_TARGET_NAME = ARKitImageTracking;
			};
			name = Release;
		};
/* End XCBuildConfiguration section */

/* Begin XCConfigurationList section */
		252BE49C29C3A3900048DFC7 /* Build configuration list for PBXProject "ARKitImageTracking" */ = {
			isa = XCConfigurationList;
			buildConfigurations = (
				252BE4CC29C3A3920048DFC7 /* Debug */,
				252BE4CD29C3A3920048DFC7 /* Release */,
			);
			defaultConfigurationIsVisible = 0;
			defaultConfigurationName = Release;
		};
		252BE4CE29C3A3920048DFC7 /* Build configuration list for PBXNativeTarget "ARKitImageTracking" */ = {
			isa = XCConfigurationList;
			buildConfigurations = (
				252BE4CF29C3A3920048DFC7 /* Debug */,
				252BE4D029C3A3920048DFC7 /* Release */,
			);
			defaultConfigurationIsVisible = 0;
			defaultConfigurationName = Release;
		};
		252BE4D129C3A3920048DFC7 /* Build configuration list for PBXNativeTarget "ARKitImageTrackingTests" */ = {
			isa = XCConfigurationList;
			buildConfigurations = (
				252BE4D229C3A3920048DFC7 /* Debug */,
				252BE4D329C3A3920048DFC7 /* Release */,
			);
			defaultConfigurationIsVisible = 0;
			defaultConfigurationName = Release;
		};
		252BE4D429C3A3920048DFC7 /* Build configuration list for PBXNativeTarget "ARKitImageTrackingUITests" */ = {
			isa = XCConfigurationList;
			buildConfigurations = (
				252BE4D529C3A3920048DFC7 /* Debug */,
				252BE4D629C3A3920048DFC7 /* Release */,
			);
			defaultConfigurationIsVisible = 0;
			defaultConfigurationName = Release;
		};
/* End XCConfigurationList section */

/* Begin XCVersionGroup section */
		252BE4AD29C3A3900048DFC7 /* ARKitImageTracking.xcdatamodeld */ = {
			isa = XCVersionGroup;
			children = (
				252BE4AE29C3A3900048DFC7 /* ARKitImageTracking.xcdatamodel */,
			);
			currentVersion = 252BE4AE29C3A3900048DFC7 /* ARKitImageTracking.xcdatamodel */;
			path = ARKitImageTracking.xcdatamodeld;
			sourceTree = "<group>";
			versionGroupType = wrapper.xcdatamodel;
		};
/* End XCVersionGroup section */
	};
	rootObject = 252BE49929C3A3900048DFC7 /* Project object */;
}
